// !$*UTF8*$!
{
	archiveVersion = 1;
	classes = {
	};
	objectVersion = 55;
	objects = {

/* Begin PBXBuildFile section */
		88299C0A276F8236005ED960 /* ReviewFormViewController.swift in Sources */ = {isa = PBXBuildFile; fileRef = 88299C09276F8236005ED960 /* ReviewFormViewController.swift */; };
		8846F856276CDDAE00F11D12 /* NoDataView.swift in Sources */ = {isa = PBXBuildFile; fileRef = 8846F855276CDDAE00F11D12 /* NoDataView.swift */; };
		8846F858276CDEB400F11D12 /* NoDataView.xib in Resources */ = {isa = PBXBuildFile; fileRef = 8846F857276CDEB400F11D12 /* NoDataView.xib */; };
		8854A1CD276E43A100FD1330 /* RatingsView.swift in Sources */ = {isa = PBXBuildFile; fileRef = 8854A1CC276E43A100FD1330 /* RatingsView.swift */; };
		88559B9F2766413600C79B40 /* ExploreData.plist in Resources */ = {isa = PBXBuildFile; fileRef = 88559B9E2766413600C79B40 /* ExploreData.plist */; };
		88559BA12766428F00C79B40 /* ExploreItem.swift in Sources */ = {isa = PBXBuildFile; fileRef = 88559BA02766428F00C79B40 /* ExploreItem.swift */; };
		88559BA32766459900C79B40 /* ExploreDataManager.swift in Sources */ = {isa = PBXBuildFile; fileRef = 88559BA22766459900C79B40 /* ExploreDataManager.swift */; };
		88559BA627664F6D00C79B40 /* ExploreCell.swift in Sources */ = {isa = PBXBuildFile; fileRef = 88559BA527664F6D00C79B40 /* ExploreCell.swift */; };
		885B7C762763A9DD00E3F0AA /* RestaurantListViewController.swift in Sources */ = {isa = PBXBuildFile; fileRef = 885B7C752763A9DD00E3F0AA /* RestaurantListViewController.swift */; };
		886CDD8D2767835A001D8157 /* LocationViewController.swift in Sources */ = {isa = PBXBuildFile; fileRef = 886CDD8C2767835A001D8157 /* LocationViewController.swift */; };
		886CDD9127678E29001D8157 /* Locations2.plist in Resources */ = {isa = PBXBuildFile; fileRef = 886CDD9027678E29001D8157 /* Locations2.plist */; };
		886CDD932767931D001D8157 /* LocationDataManager.swift in Sources */ = {isa = PBXBuildFile; fileRef = 886CDD922767931D001D8157 /* LocationDataManager.swift */; };
		887586C72762393C007B081D /* AppDelegate.swift in Sources */ = {isa = PBXBuildFile; fileRef = 887586C62762393C007B081D /* AppDelegate.swift */; };
		887586C92762393C007B081D /* SceneDelegate.swift in Sources */ = {isa = PBXBuildFile; fileRef = 887586C82762393C007B081D /* SceneDelegate.swift */; };
		887586CE2762393C007B081D /* Main.storyboard in Resources */ = {isa = PBXBuildFile; fileRef = 887586CC2762393C007B081D /* Main.storyboard */; };
		887586D02762393E007B081D /* Assets.xcassets in Resources */ = {isa = PBXBuildFile; fileRef = 887586CF2762393E007B081D /* Assets.xcassets */; };
		887586D32762393E007B081D /* LaunchScreen.storyboard in Resources */ = {isa = PBXBuildFile; fileRef = 887586D12762393E007B081D /* LaunchScreen.storyboard */; };
		887586DC27624D5A007B081D /* ExploreViewController.swift in Sources */ = {isa = PBXBuildFile; fileRef = 887586DB27624D5A007B081D /* ExploreViewController.swift */; };
		88800CAA276B9A6F0032C290 /* RestaurantCell.swift in Sources */ = {isa = PBXBuildFile; fileRef = 88800CA9276B9A6F0032C290 /* RestaurantCell.swift */; };
		888E79B92768D6E300671BF9 /* MapDataManager.swift in Sources */ = {isa = PBXBuildFile; fileRef = 888E79B82768D6E300671BF9 /* MapDataManager.swift */; };
		888E79BC2768DB9600671BF9 /* DataManager.swift in Sources */ = {isa = PBXBuildFile; fileRef = 888E79BB2768DB9600671BF9 /* DataManager.swift */; };
		888E79BE2768E0A500671BF9 /* MapViewController.swift in Sources */ = {isa = PBXBuildFile; fileRef = 888E79BD2768E0A500671BF9 /* MapViewController.swift */; };
		888E79C12768F40500671BF9 /* RestaurantDetail.storyboard in Resources */ = {isa = PBXBuildFile; fileRef = 888E79C02768F40500671BF9 /* RestaurantDetail.storyboard */; };
		888E79C42768F45600671BF9 /* ReviewForm.storyboard in Resources */ = {isa = PBXBuildFile; fileRef = 888E79C32768F45600671BF9 /* ReviewForm.storyboard */; };
		888E79C72768F48600671BF9 /* PhotoFilter.storyboard in Resources */ = {isa = PBXBuildFile; fileRef = 888E79C62768F48600671BF9 /* PhotoFilter.storyboard */; };
		888E79C92768FCB600671BF9 /* Segue.swift in Sources */ = {isa = PBXBuildFile; fileRef = 888E79C82768FCB600671BF9 /* Segue.swift */; };
		888E79CB2769015700671BF9 /* RestaurantDetailViewController.swift in Sources */ = {isa = PBXBuildFile; fileRef = 888E79CA2769015700671BF9 /* RestaurantDetailViewController.swift */; };
		88CCFBB32767A82000EBFBA9 /* MapLocations.plist in Resources */ = {isa = PBXBuildFile; fileRef = 88CCFBB22767A82000EBFBA9 /* MapLocations.plist */; };
		88CCFBB52767A8C200EBFBA9 /* Locations.plist in Resources */ = {isa = PBXBuildFile; fileRef = 88CCFBB42767A8C200EBFBA9 /* Locations.plist */; };
		88CCFBB72767AA0500EBFBA9 /* RestaurantItem.swift in Sources */ = {isa = PBXBuildFile; fileRef = 88CCFBB62767AA0500EBFBA9 /* RestaurantItem.swift */; };
		88D14F27276A3AB50049554F /* Portland.json in Resources */ = {isa = PBXBuildFile; fileRef = 88D14F19276A3AB40049554F /* Portland.json */; };
		88D14F28276A3AB50049554F /* Chicago.json in Resources */ = {isa = PBXBuildFile; fileRef = 88D14F1A276A3AB40049554F /* Chicago.json */; };
		88D14F29276A3AB50049554F /* New Orleans.json in Resources */ = {isa = PBXBuildFile; fileRef = 88D14F1B276A3AB40049554F /* New Orleans.json */; };
		88D14F2A276A3AB50049554F /* Charleston.json in Resources */ = {isa = PBXBuildFile; fileRef = 88D14F1C276A3AB40049554F /* Charleston.json */; };
		88D14F2B276A3AB50049554F /* Las Vegas.json in Resources */ = {isa = PBXBuildFile; fileRef = 88D14F1D276A3AB40049554F /* Las Vegas.json */; };
		88D14F2C276A3AB50049554F /* Philadelphia.json in Resources */ = {isa = PBXBuildFile; fileRef = 88D14F1E276A3AB40049554F /* Philadelphia.json */; };
		88D14F2D276A3AB50049554F /* Los Angeles.json in Resources */ = {isa = PBXBuildFile; fileRef = 88D14F1F276A3AB50049554F /* Los Angeles.json */; };
		88D14F2E276A3AB50049554F /* San Antonio.json in Resources */ = {isa = PBXBuildFile; fileRef = 88D14F20276A3AB50049554F /* San Antonio.json */; };
		88D14F2F276A3AB50049554F /* Houston.json in Resources */ = {isa = PBXBuildFile; fileRef = 88D14F21276A3AB50049554F /* Houston.json */; };
		88D14F30276A3AB50049554F /* Aspen.json in Resources */ = {isa = PBXBuildFile; fileRef = 88D14F22276A3AB50049554F /* Aspen.json */; };
		88D14F31276A3AB50049554F /* New York.json in Resources */ = {isa = PBXBuildFile; fileRef = 88D14F23276A3AB50049554F /* New York.json */; };
		88D14F32276A3AB50049554F /* Boston.json in Resources */ = {isa = PBXBuildFile; fileRef = 88D14F24276A3AB50049554F /* Boston.json */; };
		88D14F33276A3AB50049554F /* San Francisco.json in Resources */ = {isa = PBXBuildFile; fileRef = 88D14F25276A3AB50049554F /* San Francisco.json */; };
		88D14F34276A3AB50049554F /* Miami.json in Resources */ = {isa = PBXBuildFile; fileRef = 88D14F26276A3AB50049554F /* Miami.json */; };
		88D14F37276A3E360049554F /* RestaurantDataManager.swift in Sources */ = {isa = PBXBuildFile; fileRef = 88D14F36276A3E360049554F /* RestaurantDataManager.swift */; };
		88D14F39276A4B1E0049554F /* LocationItem.swift in Sources */ = {isa = PBXBuildFile; fileRef = 88D14F38276A4B1E0049554F /* LocationItem.swift */; };
		88D14F3B276A54880049554F /* ExploreHeaderView.swift in Sources */ = {isa = PBXBuildFile; fileRef = 88D14F3A276A54880049554F /* ExploreHeaderView.swift */; };
/* End PBXBuildFile section */

/* Begin PBXFileReference section */
		88299C09276F8236005ED960 /* ReviewFormViewController.swift */ = {isa = PBXFileReference; lastKnownFileType = sourcecode.swift; path = ReviewFormViewController.swift; sourceTree = "<group>"; };
		8846F855276CDDAE00F11D12 /* NoDataView.swift */ = {isa = PBXFileReference; lastKnownFileType = sourcecode.swift; path = NoDataView.swift; sourceTree = "<group>"; };
		8846F857276CDEB400F11D12 /* NoDataView.xib */ = {isa = PBXFileReference; lastKnownFileType = file.xib; path = NoDataView.xib; sourceTree = "<group>"; };
		8854A1CC276E43A100FD1330 /* RatingsView.swift */ = {isa = PBXFileReference; lastKnownFileType = sourcecode.swift; path = RatingsView.swift; sourceTree = "<group>"; };
		88559B9E2766413600C79B40 /* ExploreData.plist */ = {isa = PBXFileReference; fileEncoding = 4; lastKnownFileType = text.plist.xml; path = ExploreData.plist; sourceTree = "<group>"; };
		88559BA02766428F00C79B40 /* ExploreItem.swift */ = {isa = PBXFileReference; lastKnownFileType = sourcecode.swift; path = ExploreItem.swift; sourceTree = "<group>"; };
		88559BA22766459900C79B40 /* ExploreDataManager.swift */ = {isa = PBXFileReference; lastKnownFileType = sourcecode.swift; path = ExploreDataManager.swift; sourceTree = "<group>"; };
		88559BA527664F6D00C79B40 /* ExploreCell.swift */ = {isa = PBXFileReference; lastKnownFileType = sourcecode.swift; path = ExploreCell.swift; sourceTree = "<group>"; };
		885B7C752763A9DD00E3F0AA /* RestaurantListViewController.swift */ = {isa = PBXFileReference; lastKnownFileType = sourcecode.swift; path = RestaurantListViewController.swift; sourceTree = "<group>"; };
		886CDD8C2767835A001D8157 /* LocationViewController.swift */ = {isa = PBXFileReference; lastKnownFileType = sourcecode.swift; path = LocationViewController.swift; sourceTree = "<group>"; };
		886CDD9027678E29001D8157 /* Locations2.plist */ = {isa = PBXFileReference; fileEncoding = 4; lastKnownFileType = text.plist.xml; name = Locations2.plist; path = "../../../../../../iOS-14-Programming-for-Beginner-Fifth-Edition-master-2/Chapter15/LetsEat/LetsEat/Location/Model/Locations2.plist"; sourceTree = "<group>"; };
		886CDD922767931D001D8157 /* LocationDataManager.swift */ = {isa = PBXFileReference; lastKnownFileType = sourcecode.swift; path = LocationDataManager.swift; sourceTree = "<group>"; };
		887586C32762393C007B081D /* RogavaLetsEat.app */ = {isa = PBXFileReference; explicitFileType = wrapper.application; includeInIndex = 0; path = RogavaLetsEat.app; sourceTree = BUILT_PRODUCTS_DIR; };
		887586C62762393C007B081D /* AppDelegate.swift */ = {isa = PBXFileReference; lastKnownFileType = sourcecode.swift; path = AppDelegate.swift; sourceTree = "<group>"; };
		887586C82762393C007B081D /* SceneDelegate.swift */ = {isa = PBXFileReference; lastKnownFileType = sourcecode.swift; path = SceneDelegate.swift; sourceTree = "<group>"; };
		887586CD2762393C007B081D /* Base */ = {isa = PBXFileReference; lastKnownFileType = file.storyboard; name = Base; path = Base.lproj/Main.storyboard; sourceTree = "<group>"; };
		887586CF2762393E007B081D /* Assets.xcassets */ = {isa = PBXFileReference; lastKnownFileType = folder.assetcatalog; path = Assets.xcassets; sourceTree = "<group>"; };
		887586D22762393E007B081D /* Base */ = {isa = PBXFileReference; lastKnownFileType = file.storyboard; name = Base; path = Base.lproj/LaunchScreen.storyboard; sourceTree = "<group>"; };
		887586D42762393E007B081D /* Info.plist */ = {isa = PBXFileReference; lastKnownFileType = text.plist.xml; path = Info.plist; sourceTree = "<group>"; };
		887586DB27624D5A007B081D /* ExploreViewController.swift */ = {isa = PBXFileReference; lastKnownFileType = sourcecode.swift; path = ExploreViewController.swift; sourceTree = "<group>"; };
		88800CA9276B9A6F0032C290 /* RestaurantCell.swift */ = {isa = PBXFileReference; lastKnownFileType = sourcecode.swift; path = RestaurantCell.swift; sourceTree = "<group>"; };
		888E79B82768D6E300671BF9 /* MapDataManager.swift */ = {isa = PBXFileReference; lastKnownFileType = sourcecode.swift; path = MapDataManager.swift; sourceTree = "<group>"; };
		888E79BB2768DB9600671BF9 /* DataManager.swift */ = {isa = PBXFileReference; lastKnownFileType = sourcecode.swift; path = DataManager.swift; sourceTree = "<group>"; };
		888E79BD2768E0A500671BF9 /* MapViewController.swift */ = {isa = PBXFileReference; lastKnownFileType = sourcecode.swift; path = MapViewController.swift; sourceTree = "<group>"; };
		888E79C02768F40500671BF9 /* RestaurantDetail.storyboard */ = {isa = PBXFileReference; fileEncoding = 4; lastKnownFileType = file.storyboard; path = RestaurantDetail.storyboard; sourceTree = "<group>"; };
		888E79C32768F45600671BF9 /* ReviewForm.storyboard */ = {isa = PBXFileReference; fileEncoding = 4; lastKnownFileType = file.storyboard; path = ReviewForm.storyboard; sourceTree = "<group>"; };
		888E79C62768F48600671BF9 /* PhotoFilter.storyboard */ = {isa = PBXFileReference; fileEncoding = 4; lastKnownFileType = file.storyboard; path = PhotoFilter.storyboard; sourceTree = "<group>"; };
		888E79C82768FCB600671BF9 /* Segue.swift */ = {isa = PBXFileReference; lastKnownFileType = sourcecode.swift; path = Segue.swift; sourceTree = "<group>"; };
		888E79CA2769015700671BF9 /* RestaurantDetailViewController.swift */ = {isa = PBXFileReference; lastKnownFileType = sourcecode.swift; path = RestaurantDetailViewController.swift; sourceTree = "<group>"; };
		88CCFBB22767A82000EBFBA9 /* MapLocations.plist */ = {isa = PBXFileReference; fileEncoding = 4; lastKnownFileType = text.plist.xml; path = MapLocations.plist; sourceTree = "<group>"; };
		88CCFBB42767A8C200EBFBA9 /* Locations.plist */ = {isa = PBXFileReference; fileEncoding = 4; lastKnownFileType = text.plist.xml; path = Locations.plist; sourceTree = "<group>"; };
		88CCFBB62767AA0500EBFBA9 /* RestaurantItem.swift */ = {isa = PBXFileReference; lastKnownFileType = sourcecode.swift; path = RestaurantItem.swift; sourceTree = "<group>"; };
		88D14F19276A3AB40049554F /* Portland.json */ = {isa = PBXFileReference; fileEncoding = 4; lastKnownFileType = text.json; path = Portland.json; sourceTree = "<group>"; };
		88D14F1A276A3AB40049554F /* Chicago.json */ = {isa = PBXFileReference; fileEncoding = 4; lastKnownFileType = text.json; path = Chicago.json; sourceTree = "<group>"; };
		88D14F1B276A3AB40049554F /* New Orleans.json */ = {isa = PBXFileReference; fileEncoding = 4; lastKnownFileType = text.json; path = "New Orleans.json"; sourceTree = "<group>"; };
		88D14F1C276A3AB40049554F /* Charleston.json */ = {isa = PBXFileReference; fileEncoding = 4; lastKnownFileType = text.json; path = Charleston.json; sourceTree = "<group>"; };
		88D14F1D276A3AB40049554F /* Las Vegas.json */ = {isa = PBXFileReference; fileEncoding = 4; lastKnownFileType = text.json; path = "Las Vegas.json"; sourceTree = "<group>"; };
		88D14F1E276A3AB40049554F /* Philadelphia.json */ = {isa = PBXFileReference; fileEncoding = 4; lastKnownFileType = text.json; path = Philadelphia.json; sourceTree = "<group>"; };
		88D14F1F276A3AB50049554F /* Los Angeles.json */ = {isa = PBXFileReference; fileEncoding = 4; lastKnownFileType = text.json; path = "Los Angeles.json"; sourceTree = "<group>"; };
		88D14F20276A3AB50049554F /* San Antonio.json */ = {isa = PBXFileReference; fileEncoding = 4; lastKnownFileType = text.json; path = "San Antonio.json"; sourceTree = "<group>"; };
		88D14F21276A3AB50049554F /* Houston.json */ = {isa = PBXFileReference; fileEncoding = 4; lastKnownFileType = text.json; path = Houston.json; sourceTree = "<group>"; };
		88D14F22276A3AB50049554F /* Aspen.json */ = {isa = PBXFileReference; fileEncoding = 4; lastKnownFileType = text.json; path = Aspen.json; sourceTree = "<group>"; };
		88D14F23276A3AB50049554F /* New York.json */ = {isa = PBXFileReference; fileEncoding = 4; lastKnownFileType = text.json; path = "New York.json"; sourceTree = "<group>"; };
		88D14F24276A3AB50049554F /* Boston.json */ = {isa = PBXFileReference; fileEncoding = 4; lastKnownFileType = text.json; path = Boston.json; sourceTree = "<group>"; };
		88D14F25276A3AB50049554F /* San Francisco.json */ = {isa = PBXFileReference; fileEncoding = 4; lastKnownFileType = text.json; path = "San Francisco.json"; sourceTree = "<group>"; };
		88D14F26276A3AB50049554F /* Miami.json */ = {isa = PBXFileReference; fileEncoding = 4; lastKnownFileType = text.json; path = Miami.json; sourceTree = "<group>"; };
		88D14F36276A3E360049554F /* RestaurantDataManager.swift */ = {isa = PBXFileReference; lastKnownFileType = sourcecode.swift; path = RestaurantDataManager.swift; sourceTree = "<group>"; };
		88D14F38276A4B1E0049554F /* LocationItem.swift */ = {isa = PBXFileReference; lastKnownFileType = sourcecode.swift; path = LocationItem.swift; sourceTree = "<group>"; };
		88D14F3A276A54880049554F /* ExploreHeaderView.swift */ = {isa = PBXFileReference; lastKnownFileType = sourcecode.swift; path = ExploreHeaderView.swift; sourceTree = "<group>"; };
/* End PBXFileReference section */

/* Begin PBXFrameworksBuildPhase section */
		887586C02762393C007B081D /* Frameworks */ = {
			isa = PBXFrameworksBuildPhase;
			buildActionMask = 2147483647;
			files = (
			);
			runOnlyForDeploymentPostprocessing = 0;
		};
/* End PBXFrameworksBuildPhase section */

/* Begin PBXGroup section */
		8846F854276CDD4800F11D12 /* No Data */ = {
			isa = PBXGroup;
			children = (
				8846F855276CDDAE00F11D12 /* NoDataView.swift */,
				8846F857276CDEB400F11D12 /* NoDataView.xib */,
			);
			path = "No Data";
			sourceTree = "<group>";
		};
		88559B9D2766410E00C79B40 /* Model */ = {
			isa = PBXGroup;
			children = (
				88559B9E2766413600C79B40 /* ExploreData.plist */,
				88559BA02766428F00C79B40 /* ExploreItem.swift */,
				88559BA22766459900C79B40 /* ExploreDataManager.swift */,
			);
			path = Model;
			sourceTree = "<group>";
		};
		88559BA427664E8400C79B40 /* View */ = {
			isa = PBXGroup;
			children = (
				88559BA527664F6D00C79B40 /* ExploreCell.swift */,
				88D14F3A276A54880049554F /* ExploreHeaderView.swift */,
			);
			path = View;
			sourceTree = "<group>";
		};
		885B7C742763A97300E3F0AA /* Restaurants */ = {
			isa = PBXGroup;
			children = (
				88800CA8276B9A0E0032C290 /* View */,
				88D14F35276A3DA20049554F /* Model */,
				885B7C752763A9DD00E3F0AA /* RestaurantListViewController.swift */,
			);
			path = Restaurants;
			sourceTree = "<group>";
		};
		886CDD8927678299001D8157 /* Location */ = {
			isa = PBXGroup;
			children = (
				886CDD8A276782BB001D8157 /* Model */,
				886CDD8B276782C6001D8157 /* View */,
				886CDD8C2767835A001D8157 /* LocationViewController.swift */,
			);
			path = Location;
			sourceTree = "<group>";
		};
		886CDD8A276782BB001D8157 /* Model */ = {
			isa = PBXGroup;
			children = (
				886CDD9027678E29001D8157 /* Locations2.plist */,
				88CCFBB42767A8C200EBFBA9 /* Locations.plist */,
				886CDD922767931D001D8157 /* LocationDataManager.swift */,
				88D14F38276A4B1E0049554F /* LocationItem.swift */,
			);
			path = Model;
			sourceTree = "<group>";
		};
		886CDD8B276782C6001D8157 /* View */ = {
			isa = PBXGroup;
			children = (
			);
			path = View;
			sourceTree = "<group>";
		};
		887586BA2762393C007B081D = {
			isa = PBXGroup;
			children = (
				887586C52762393C007B081D /* RogavaLetsEat */,
				887586C42762393C007B081D /* Products */,
			);
			sourceTree = "<group>";
		};
		887586C42762393C007B081D /* Products */ = {
			isa = PBXGroup;
			children = (
				887586C32762393C007B081D /* RogavaLetsEat.app */,
			);
			name = Products;
			sourceTree = "<group>";
		};
		887586C52762393C007B081D /* RogavaLetsEat */ = {
			isa = PBXGroup;
			children = (
				888E79C52768F46300671BF9 /* PhotoFilter */,
				888E79C22768F43200671BF9 /* ReviewForm */,
				888E79BF2768F3BF00671BF9 /* RestaurantDetail */,
				888E79BA2768DB7000671BF9 /* Misc */,
				88CCFBB02767A7AF00EBFBA9 /* Map */,
				886CDD8927678299001D8157 /* Location */,
				88559B9D2766410E00C79B40 /* Model */,
				885B7C742763A97300E3F0AA /* Restaurants */,
				887586DA27624C6B007B081D /* Explore */,
				887586C62762393C007B081D /* AppDelegate.swift */,
				887586C82762393C007B081D /* SceneDelegate.swift */,
				887586CC2762393C007B081D /* Main.storyboard */,
				887586CF2762393E007B081D /* Assets.xcassets */,
				887586D12762393E007B081D /* LaunchScreen.storyboard */,
				887586D42762393E007B081D /* Info.plist */,
			);
			path = RogavaLetsEat;
			sourceTree = "<group>";
		};
		887586DA27624C6B007B081D /* Explore */ = {
			isa = PBXGroup;
			children = (
				88559BA427664E8400C79B40 /* View */,
				887586DB27624D5A007B081D /* ExploreViewController.swift */,
			);
			path = Explore;
			sourceTree = "<group>";
		};
		88800CA8276B9A0E0032C290 /* View */ = {
			isa = PBXGroup;
			children = (
				88800CA9276B9A6F0032C290 /* RestaurantCell.swift */,
			);
			path = View;
			sourceTree = "<group>";
		};
		888E79BA2768DB7000671BF9 /* Misc */ = {
			isa = PBXGroup;
			children = (
				8846F854276CDD4800F11D12 /* No Data */,
				88D14F18276A3A710049554F /* JSON */,
				888E79BB2768DB9600671BF9 /* DataManager.swift */,
				888E79C82768FCB600671BF9 /* Segue.swift */,
			);
			path = Misc;
			sourceTree = "<group>";
		};
		888E79BF2768F3BF00671BF9 /* RestaurantDetail */ = {
			isa = PBXGroup;
			children = (
				888E79C02768F40500671BF9 /* RestaurantDetail.storyboard */,
				888E79CA2769015700671BF9 /* RestaurantDetailViewController.swift */,
			);
			path = RestaurantDetail;
			sourceTree = "<group>";
		};
		888E79C22768F43200671BF9 /* ReviewForm */ = {
			isa = PBXGroup;
			children = (
				888E79C32768F45600671BF9 /* ReviewForm.storyboard */,
				8854A1CC276E43A100FD1330 /* RatingsView.swift */,
				88299C09276F8236005ED960 /* ReviewFormViewController.swift */,
			);
			path = ReviewForm;
			sourceTree = "<group>";
		};
		888E79C52768F46300671BF9 /* PhotoFilter */ = {
			isa = PBXGroup;
			children = (
				888E79C62768F48600671BF9 /* PhotoFilter.storyboard */,
			);
			path = PhotoFilter;
			sourceTree = "<group>";
		};
		88CCFBB02767A7AF00EBFBA9 /* Map */ = {
			isa = PBXGroup;
			children = (
				88CCFBB12767A7C500EBFBA9 /* Model */,
				888E79BD2768E0A500671BF9 /* MapViewController.swift */,
			);
			path = Map;
			sourceTree = "<group>";
		};
		88CCFBB12767A7C500EBFBA9 /* Model */ = {
			isa = PBXGroup;
			children = (
				88CCFBB22767A82000EBFBA9 /* MapLocations.plist */,
				88CCFBB62767AA0500EBFBA9 /* RestaurantItem.swift */,
				888E79B82768D6E300671BF9 /* MapDataManager.swift */,
			);
			path = Model;
			sourceTree = "<group>";
		};
		88D14F18276A3A710049554F /* JSON */ = {
			isa = PBXGroup;
			children = (
				88D14F22276A3AB50049554F /* Aspen.json */,
				88D14F24276A3AB50049554F /* Boston.json */,
				88D14F1C276A3AB40049554F /* Charleston.json */,
				88D14F1A276A3AB40049554F /* Chicago.json */,
				88D14F21276A3AB50049554F /* Houston.json */,
				88D14F1D276A3AB40049554F /* Las Vegas.json */,
				88D14F1F276A3AB50049554F /* Los Angeles.json */,
				88D14F26276A3AB50049554F /* Miami.json */,
				88D14F1B276A3AB40049554F /* New Orleans.json */,
				88D14F23276A3AB50049554F /* New York.json */,
				88D14F1E276A3AB40049554F /* Philadelphia.json */,
				88D14F19276A3AB40049554F /* Portland.json */,
				88D14F20276A3AB50049554F /* San Antonio.json */,
				88D14F25276A3AB50049554F /* San Francisco.json */,
			);
			path = JSON;
			sourceTree = "<group>";
		};
		88D14F35276A3DA20049554F /* Model */ = {
			isa = PBXGroup;
			children = (
				88D14F36276A3E360049554F /* RestaurantDataManager.swift */,
			);
			path = Model;
			sourceTree = "<group>";
		};
/* End PBXGroup section */

/* Begin PBXNativeTarget section */
		887586C22762393C007B081D /* RogavaLetsEat */ = {
			isa = PBXNativeTarget;
			buildConfigurationList = 887586D72762393E007B081D /* Build configuration list for PBXNativeTarget "RogavaLetsEat" */;
			buildPhases = (
				887586BF2762393C007B081D /* Sources */,
				887586C02762393C007B081D /* Frameworks */,
				887586C12762393C007B081D /* Resources */,
			);
			buildRules = (
			);
			dependencies = (
			);
			name = RogavaLetsEat;
			productName = RogavaLetsEat;
			productReference = 887586C32762393C007B081D /* RogavaLetsEat.app */;
			productType = "com.apple.product-type.application";
		};
/* End PBXNativeTarget section */

/* Begin PBXProject section */
		887586BB2762393C007B081D /* Project object */ = {
			isa = PBXProject;
			attributes = {
				BuildIndependentTargetsInParallel = 1;
				LastSwiftUpdateCheck = 1310;
				LastUpgradeCheck = 1310;
				TargetAttributes = {
					887586C22762393C007B081D = {
						CreatedOnToolsVersion = 13.1;
					};
				};
			};
			buildConfigurationList = 887586BE2762393C007B081D /* Build configuration list for PBXProject "RogavaLetsEat" */;
			compatibilityVersion = "Xcode 13.0";
			developmentRegion = en;
			hasScannedForEncodings = 0;
			knownRegions = (
				en,
				Base,
			);
			mainGroup = 887586BA2762393C007B081D;
			productRefGroup = 887586C42762393C007B081D /* Products */;
			projectDirPath = "";
			projectRoot = "";
			targets = (
				887586C22762393C007B081D /* RogavaLetsEat */,
			);
		};
/* End PBXProject section */

/* Begin PBXResourcesBuildPhase section */
		887586C12762393C007B081D /* Resources */ = {
			isa = PBXResourcesBuildPhase;
			buildActionMask = 2147483647;
			files = (
				88D14F29276A3AB50049554F /* New Orleans.json in Resources */,
				88D14F27276A3AB50049554F /* Portland.json in Resources */,
				88559B9F2766413600C79B40 /* ExploreData.plist in Resources */,
				88D14F28276A3AB50049554F /* Chicago.json in Resources */,
				8846F858276CDEB400F11D12 /* NoDataView.xib in Resources */,
				887586D32762393E007B081D /* LaunchScreen.storyboard in Resources */,
				887586D02762393E007B081D /* Assets.xcassets in Resources */,
				88D14F31276A3AB50049554F /* New York.json in Resources */,
				88D14F34276A3AB50049554F /* Miami.json in Resources */,
				88D14F2B276A3AB50049554F /* Las Vegas.json in Resources */,
				88D14F2F276A3AB50049554F /* Houston.json in Resources */,
				888E79C42768F45600671BF9 /* ReviewForm.storyboard in Resources */,
				88CCFBB52767A8C200EBFBA9 /* Locations.plist in Resources */,
				886CDD9127678E29001D8157 /* Locations2.plist in Resources */,
				88D14F2E276A3AB50049554F /* San Antonio.json in Resources */,
				88CCFBB32767A82000EBFBA9 /* MapLocations.plist in Resources */,
				88D14F30276A3AB50049554F /* Aspen.json in Resources */,
				888E79C12768F40500671BF9 /* RestaurantDetail.storyboard in Resources */,
				88D14F32276A3AB50049554F /* Boston.json in Resources */,
				887586CE2762393C007B081D /* Main.storyboard in Resources */,
				88D14F2A276A3AB50049554F /* Charleston.json in Resources */,
				88D14F2D276A3AB50049554F /* Los Angeles.json in Resources */,
				88D14F33276A3AB50049554F /* San Francisco.json in Resources */,
				88D14F2C276A3AB50049554F /* Philadelphia.json in Resources */,
				888E79C72768F48600671BF9 /* PhotoFilter.storyboard in Resources */,
			);
			runOnlyForDeploymentPostprocessing = 0;
		};
/* End PBXResourcesBuildPhase section */

/* Begin PBXSourcesBuildPhase section */
		887586BF2762393C007B081D /* Sources */ = {
			isa = PBXSourcesBuildPhase;
			buildActionMask = 2147483647;
			files = (
				88299C0A276F8236005ED960 /* ReviewFormViewController.swift in Sources */,
				88D14F39276A4B1E0049554F /* LocationItem.swift in Sources */,
				8854A1CD276E43A100FD1330 /* RatingsView.swift in Sources */,
				88D14F3B276A54880049554F /* ExploreHeaderView.swift in Sources */,
				88559BA12766428F00C79B40 /* ExploreItem.swift in Sources */,
				888E79BC2768DB9600671BF9 /* DataManager.swift in Sources */,
				888E79B92768D6E300671BF9 /* MapDataManager.swift in Sources */,
				8846F856276CDDAE00F11D12 /* NoDataView.swift in Sources */,
				887586C72762393C007B081D /* AppDelegate.swift in Sources */,
				88D14F37276A3E360049554F /* RestaurantDataManager.swift in Sources */,
				885B7C762763A9DD00E3F0AA /* RestaurantListViewController.swift in Sources */,
				888E79C92768FCB600671BF9 /* Segue.swift in Sources */,
				88800CAA276B9A6F0032C290 /* RestaurantCell.swift in Sources */,
				887586C92762393C007B081D /* SceneDelegate.swift in Sources */,
				888E79CB2769015700671BF9 /* RestaurantDetailViewController.swift in Sources */,
				888E79BE2768E0A500671BF9 /* MapViewController.swift in Sources */,
				887586DC27624D5A007B081D /* ExploreViewController.swift in Sources */,
				88559BA32766459900C79B40 /* ExploreDataManager.swift in Sources */,
				88559BA627664F6D00C79B40 /* ExploreCell.swift in Sources */,
				88CCFBB72767AA0500EBFBA9 /* RestaurantItem.swift in Sources */,
				886CDD932767931D001D8157 /* LocationDataManager.swift in Sources */,
				886CDD8D2767835A001D8157 /* LocationViewController.swift in Sources */,
			);
			runOnlyForDeploymentPostprocessing = 0;
		};
/* End PBXSourcesBuildPhase section */

/* Begin PBXVariantGroup section */
		887586CC2762393C007B081D /* Main.storyboard */ = {
			isa = PBXVariantGroup;
			children = (
				887586CD2762393C007B081D /* Base */,
			);
			name = Main.storyboard;
			sourceTree = "<group>";
		};
		887586D12762393E007B081D /* LaunchScreen.storyboard */ = {
			isa = PBXVariantGroup;
			children = (
				887586D22762393E007B081D /* Base */,
			);
			name = LaunchScreen.storyboard;
			sourceTree = "<group>";
		};
/* End PBXVariantGroup section */

/* Begin XCBuildConfiguration section */
		887586D52762393E007B081D /* Debug */ = {
			isa = XCBuildConfiguration;
			buildSettings = {
				ALWAYS_SEARCH_USER_PATHS = NO;
				CLANG_ANALYZER_NONNULL = YES;
				CLANG_ANALYZER_NUMBER_OBJECT_CONVERSION = YES_AGGRESSIVE;
				CLANG_CXX_LANGUAGE_STANDARD = "gnu++17";
				CLANG_CXX_LIBRARY = "libc++";
				CLANG_ENABLE_MODULES = YES;
				CLANG_ENABLE_OBJC_ARC = YES;
				CLANG_ENABLE_OBJC_WEAK = YES;
				CLANG_WARN_BLOCK_CAPTURE_AUTORELEASING = YES;
				CLANG_WARN_BOOL_CONVERSION = YES;
				CLANG_WARN_COMMA = YES;
				CLANG_WARN_CONSTANT_CONVERSION = YES;
				CLANG_WARN_DEPRECATED_OBJC_IMPLEMENTATIONS = YES;
				CLANG_WARN_DIRECT_OBJC_ISA_USAGE = YES_ERROR;
				CLANG_WARN_DOCUMENTATION_COMMENTS = YES;
				CLANG_WARN_EMPTY_BODY = YES;
				CLANG_WARN_ENUM_CONVERSION = YES;
				CLANG_WARN_INFINITE_RECURSION = YES;
				CLANG_WARN_INT_CONVERSION = YES;
				CLANG_WARN_NON_LITERAL_NULL_CONVERSION = YES;
				CLANG_WARN_OBJC_IMPLICIT_RETAIN_SELF = YES;
				CLANG_WARN_OBJC_LITERAL_CONVERSION = YES;
				CLANG_WARN_OBJC_ROOT_CLASS = YES_ERROR;
				CLANG_WARN_QUOTED_INCLUDE_IN_FRAMEWORK_HEADER = YES;
				CLANG_WARN_RANGE_LOOP_ANALYSIS = YES;
				CLANG_WARN_STRICT_PROTOTYPES = YES;
				CLANG_WARN_SUSPICIOUS_MOVE = YES;
				CLANG_WARN_UNGUARDED_AVAILABILITY = YES_AGGRESSIVE;
				CLANG_WARN_UNREACHABLE_CODE = YES;
				CLANG_WARN__DUPLICATE_METHOD_MATCH = YES;
				COPY_PHASE_STRIP = NO;
				DEBUG_INFORMATION_FORMAT = dwarf;
				ENABLE_STRICT_OBJC_MSGSEND = YES;
				ENABLE_TESTABILITY = YES;
				GCC_C_LANGUAGE_STANDARD = gnu11;
				GCC_DYNAMIC_NO_PIC = NO;
				GCC_NO_COMMON_BLOCKS = YES;
				GCC_OPTIMIZATION_LEVEL = 0;
				GCC_PREPROCESSOR_DEFINITIONS = (
					"DEBUG=1",
					"$(inherited)",
				);
				GCC_WARN_64_TO_32_BIT_CONVERSION = YES;
				GCC_WARN_ABOUT_RETURN_TYPE = YES_ERROR;
				GCC_WARN_UNDECLARED_SELECTOR = YES;
				GCC_WARN_UNINITIALIZED_AUTOS = YES_AGGRESSIVE;
				GCC_WARN_UNUSED_FUNCTION = YES;
				GCC_WARN_UNUSED_VARIABLE = YES;
				IPHONEOS_DEPLOYMENT_TARGET = 15.0;
				MTL_ENABLE_DEBUG_INFO = INCLUDE_SOURCE;
				MTL_FAST_MATH = YES;
				ONLY_ACTIVE_ARCH = YES;
				SDKROOT = iphoneos;
				SWIFT_ACTIVE_COMPILATION_CONDITIONS = DEBUG;
				SWIFT_OPTIMIZATION_LEVEL = "-Onone";
			};
			name = Debug;
		};
		887586D62762393E007B081D /* Release */ = {
			isa = XCBuildConfiguration;
			buildSettings = {
				ALWAYS_SEARCH_USER_PATHS = NO;
				CLANG_ANALYZER_NONNULL = YES;
				CLANG_ANALYZER_NUMBER_OBJECT_CONVERSION = YES_AGGRESSIVE;
				CLANG_CXX_LANGUAGE_STANDARD = "gnu++17";
				CLANG_CXX_LIBRARY = "libc++";
				CLANG_ENABLE_MODULES = YES;
				CLANG_ENABLE_OBJC_ARC = YES;
				CLANG_ENABLE_OBJC_WEAK = YES;
				CLANG_WARN_BLOCK_CAPTURE_AUTORELEASING = YES;
				CLANG_WARN_BOOL_CONVERSION = YES;
				CLANG_WARN_COMMA = YES;
				CLANG_WARN_CONSTANT_CONVERSION = YES;
				CLANG_WARN_DEPRECATED_OBJC_IMPLEMENTATIONS = YES;
				CLANG_WARN_DIRECT_OBJC_ISA_USAGE = YES_ERROR;
				CLANG_WARN_DOCUMENTATION_COMMENTS = YES;
				CLANG_WARN_EMPTY_BODY = YES;
				CLANG_WARN_ENUM_CONVERSION = YES;
				CLANG_WARN_INFINITE_RECURSION = YES;
				CLANG_WARN_INT_CONVERSION = YES;
				CLANG_WARN_NON_LITERAL_NULL_CONVERSION = YES;
				CLANG_WARN_OBJC_IMPLICIT_RETAIN_SELF = YES;
				CLANG_WARN_OBJC_LITERAL_CONVERSION = YES;
				CLANG_WARN_OBJC_ROOT_CLASS = YES_ERROR;
				CLANG_WARN_QUOTED_INCLUDE_IN_FRAMEWORK_HEADER = YES;
				CLANG_WARN_RANGE_LOOP_ANALYSIS = YES;
				CLANG_WARN_STRICT_PROTOTYPES = YES;
				CLANG_WARN_SUSPICIOUS_MOVE = YES;
				CLANG_WARN_UNGUARDED_AVAILABILITY = YES_AGGRESSIVE;
				CLANG_WARN_UNREACHABLE_CODE = YES;
				CLANG_WARN__DUPLICATE_METHOD_MATCH = YES;
				COPY_PHASE_STRIP = NO;
				DEBUG_INFORMATION_FORMAT = "dwarf-with-dsym";
				ENABLE_NS_ASSERTIONS = NO;
				ENABLE_STRICT_OBJC_MSGSEND = YES;
				GCC_C_LANGUAGE_STANDARD = gnu11;
				GCC_NO_COMMON_BLOCKS = YES;
				GCC_WARN_64_TO_32_BIT_CONVERSION = YES;
				GCC_WARN_ABOUT_RETURN_TYPE = YES_ERROR;
				GCC_WARN_UNDECLARED_SELECTOR = YES;
				GCC_WARN_UNINITIALIZED_AUTOS = YES_AGGRESSIVE;
				GCC_WARN_UNUSED_FUNCTION = YES;
				GCC_WARN_UNUSED_VARIABLE = YES;
				IPHONEOS_DEPLOYMENT_TARGET = 15.0;
				MTL_ENABLE_DEBUG_INFO = NO;
				MTL_FAST_MATH = YES;
				SDKROOT = iphoneos;
				SWIFT_COMPILATION_MODE = wholemodule;
				SWIFT_OPTIMIZATION_LEVEL = "-O";
				VALIDATE_PRODUCT = YES;
			};
			name = Release;
		};
		887586D82762393E007B081D /* Debug */ = {
			isa = XCBuildConfiguration;
			buildSettings = {
				ASSETCATALOG_COMPILER_APPICON_NAME = AppIcon;
				ASSETCATALOG_COMPILER_GLOBAL_ACCENT_COLOR_NAME = AccentColor;
				CODE_SIGN_STYLE = Automatic;
				CURRENT_PROJECT_VERSION = 1;
				GENERATE_INFOPLIST_FILE = YES;
				INFOPLIST_FILE = RogavaLetsEat/Info.plist;
				INFOPLIST_KEY_UIApplicationSupportsIndirectInputEvents = YES;
				INFOPLIST_KEY_UILaunchStoryboardName = LaunchScreen;
				INFOPLIST_KEY_UIMainStoryboardFile = Main;
				INFOPLIST_KEY_UISupportedInterfaceOrientations_iPad = "UIInterfaceOrientationPortrait UIInterfaceOrientationPortraitUpsideDown UIInterfaceOrientationLandscapeLeft UIInterfaceOrientationLandscapeRight";
				INFOPLIST_KEY_UISupportedInterfaceOrientations_iPhone = "UIInterfaceOrientationPortrait UIInterfaceOrientationLandscapeLeft UIInterfaceOrientationLandscapeRight";
				LD_RUNPATH_SEARCH_PATHS = (
					"$(inherited)",
					"@executable_path/Frameworks",
				);
				MARKETING_VERSION = 1.0;
				PRODUCT_BUNDLE_IDENTIFIER = com.George.RogavaLetsEat;
				PRODUCT_NAME = "$(TARGET_NAME)";
				SWIFT_EMIT_LOC_STRINGS = YES;
				SWIFT_VERSION = 5.0;
				TARGETED_DEVICE_FAMILY = "1,2";
			};
			name = Debug;
		};
		887586D92762393E007B081D /* Release */ = {
			isa = XCBuildConfiguration;
			buildSettings = {
				ASSETCATALOG_COMPILER_APPICON_NAME = AppIcon;
				ASSETCATALOG_COMPILER_GLOBAL_ACCENT_COLOR_NAME = AccentColor;
				CODE_SIGN_STYLE = Automatic;
				CURRENT_PROJECT_VERSION = 1;
				GENERATE_INFOPLIST_FILE = YES;
				INFOPLIST_FILE = RogavaLetsEat/Info.plist;
				INFOPLIST_KEY_UIApplicationSupportsIndirectInputEvents = YES;
				INFOPLIST_KEY_UILaunchStoryboardName = LaunchScreen;
				INFOPLIST_KEY_UIMainStoryboardFile = Main;
				INFOPLIST_KEY_UISupportedInterfaceOrientations_iPad = "UIInterfaceOrientationPortrait UIInterfaceOrientationPortraitUpsideDown UIInterfaceOrientationLandscapeLeft UIInterfaceOrientationLandscapeRight";
				INFOPLIST_KEY_UISupportedInterfaceOrientations_iPhone = "UIInterfaceOrientationPortrait UIInterfaceOrientationLandscapeLeft UIInterfaceOrientationLandscapeRight";
				LD_RUNPATH_SEARCH_PATHS = (
					"$(inherited)",
					"@executable_path/Frameworks",
				);
				MARKETING_VERSION = 1.0;
				PRODUCT_BUNDLE_IDENTIFIER = com.George.RogavaLetsEat;
				PRODUCT_NAME = "$(TARGET_NAME)";
				SWIFT_EMIT_LOC_STRINGS = YES;
				SWIFT_VERSION = 5.0;
				TARGETED_DEVICE_FAMILY = "1,2";
			};
			name = Release;
		};
/* End XCBuildConfiguration section */

/* Begin XCConfigurationList section */
		887586BE2762393C007B081D /* Build configuration list for PBXProject "RogavaLetsEat" */ = {
			isa = XCConfigurationList;
			buildConfigurations = (
				887586D52762393E007B081D /* Debug */,
				887586D62762393E007B081D /* Release */,
			);
			defaultConfigurationIsVisible = 0;
			defaultConfigurationName = Release;
		};
		887586D72762393E007B081D /* Build configuration list for PBXNativeTarget "RogavaLetsEat" */ = {
			isa = XCConfigurationList;
			buildConfigurations = (
				887586D82762393E007B081D /* Debug */,
				887586D92762393E007B081D /* Release */,
			);
			defaultConfigurationIsVisible = 0;
			defaultConfigurationName = Release;
		};
/* End XCConfigurationList section */
	};
	rootObject = 887586BB2762393C007B081D /* Project object */;
}
